
Microsoft Visual Studio Solution File, Format Version 12.00
# Visual Studio Version 17
VisualStudioVersion = 17.0.32112.339
MinimumVisualStudioVersion = 10.0.40219.1
Project("{FAE04EC0-301F-11D3-BF4B-00C04F79EFBC}") = "Lab_02", "Lab_02\Lab_02.csproj", "{CC86E047-F532-4E86-AE83-DA1251685D5C}"
EndProject
Global
	GlobalSection(SolutionConfigurationPlatforms) = preSolution
		Debug|Any CPU = Debug|Any CPU
		Release|Any CPU = Release|Any CPU
	EndGlobalSection
	GlobalSection(ProjectConfigurationPlatforms) = postSolution
		{CC86E047-F532-4E86-AE83-DA1251685D5C}.Debug|Any CPU.ActiveCfg = Debug|Any CPU
		{CC86E047-F532-4E86-AE83-DA1251685D5C}.Debug|Any CPU.Build.0 = Debug|Any CPU
		{CC86E047-F532-4E86-AE83-DA1251685D5C}.Release|Any CPU.ActiveCfg = Release|Any CPU
		{CC86E047-F532-4E86-AE83-DA1251685D5C}.Release|Any CPU.Build.0 = Release|Any CPU
	EndGlobalSection
	GlobalSection(SolutionProperties) = preSolution
		HideSolutionNode = FALSE
	EndGlobalSection
	GlobalSection(ExtensibilityGlobals) = postSolution
		SolutionGuid = {37B011ED-C32C-4098-9AE1-9F836A37B9EB}
	EndGlobalSection
EndGlobal
